
Microsoft Visual Studio Solution File, Format Version 12.00
# Visual Studio 2013
VisualStudioVersion = 12.0.31101.0
MinimumVisualStudioVersion = 10.0.40219.1
Project("{FAE04EC0-301F-11D3-BF4B-00C04F79EFBC}") = "BinarySearchTree", "BinarySearchTree\BinarySearchTree.csproj", "{782B62F8-4D37-44CC-8280-028EA81DC5BF}"
EndProject
Project("{FAE04EC0-301F-11D3-BF4B-00C04F79EFBC}") = "BinarySearchTree.UnitTests", "BinarySearchTree.UnitTests\BinarySearchTree.UnitTests.csproj", "{B5837E46-F809-40D4-A7BD-FB5C4A1F74A9}"
EndProject
Project("{2150E333-8FDC-42A3-9474-1A3956D46DE8}") = ".nuget", ".nuget", "{61FE7F1C-C576-4AAC-952F-73B7EBCC51AB}"
	ProjectSection(SolutionItems) = preProject
		.nuget\NuGet.Config = .nuget\NuGet.Config
		.nuget\NuGet.exe = .nuget\NuGet.exe
		.nuget\NuGet.targets = .nuget\NuGet.targets
	EndProjectSection
EndProject
Project("{2150E333-8FDC-42A3-9474-1A3956D46DE8}") = "Solution Items", "Solution Items", "{9ED7B50C-58C5-4DAF-B3CE-A3374AAAB4CF}"
	ProjectSection(SolutionItems) = preProject
		LICENSE = LICENSE
		README = README
	EndProjectSection
EndProject
Project("{FAE04EC0-301F-11D3-BF4B-00C04F79EFBC}") = "BinarySearchTree.Examples", "BinarySearchTree.Examples\BinarySearchTree.Examples.csproj", "{28EAF4BB-6F41-4275-955F-497287A31980}"
EndProject
Global
	GlobalSection(SolutionConfigurationPlatforms) = preSolution
		Debug|Any CPU = Debug|Any CPU
		Release|Any CPU = Release|Any CPU
	EndGlobalSection
	GlobalSection(ProjectConfigurationPlatforms) = postSolution
		{782B62F8-4D37-44CC-8280-028EA81DC5BF}.Debug|Any CPU.ActiveCfg = Debug|Any CPU
		{782B62F8-4D37-44CC-8280-028EA81DC5BF}.Debug|Any CPU.Build.0 = Debug|Any CPU
		{782B62F8-4D37-44CC-8280-028EA81DC5BF}.Release|Any CPU.ActiveCfg = Release|Any CPU
		{782B62F8-4D37-44CC-8280-028EA81DC5BF}.Release|Any CPU.Build.0 = Release|Any CPU
		{B5837E46-F809-40D4-A7BD-FB5C4A1F74A9}.Debug|Any CPU.ActiveCfg = Debug|Any CPU
		{B5837E46-F809-40D4-A7BD-FB5C4A1F74A9}.Debug|Any CPU.Build.0 = Debug|Any CPU
		{B5837E46-F809-40D4-A7BD-FB5C4A1F74A9}.Release|Any CPU.ActiveCfg = Release|Any CPU
		{28EAF4BB-6F41-4275-955F-497287A31980}.Debug|Any CPU.ActiveCfg = Debug|Any CPU
		{28EAF4BB-6F41-4275-955F-497287A31980}.Debug|Any CPU.Build.0 = Debug|Any CPU
		{28EAF4BB-6F41-4275-955F-497287A31980}.Release|Any CPU.ActiveCfg = Release|Any CPU
		{28EAF4BB-6F41-4275-955F-497287A31980}.Release|Any CPU.Build.0 = Release|Any CPU
	EndGlobalSection
	GlobalSection(SolutionProperties) = preSolution
		HideSolutionNode = FALSE
	EndGlobalSection
EndGlobal
